
Microsoft Visual Studio Solution File, Format Version 12.00
# Visual Studio Version 16
VisualStudioVersion = 16.0.29613.14
MinimumVisualStudioVersion = 10.0.40219.1
Project("{FAE04EC0-301F-11D3-BF4B-00C04F79EFBC}") = "Surrender", "Surrender.csproj", "{2595F80F-8D98-47EB-B869-15E0476339B9}"
EndProject
Global
	GlobalSection(SolutionConfigurationPlatforms) = preSolution
		Debug|Any CPU = Debug|Any CPU
		Release|Any CPU = Release|Any CPU
	EndGlobalSection
	GlobalSection(ProjectConfigurationPlatforms) = postSolution
		{2595F80F-8D98-47EB-B869-15E0476339B9}.Debug|Any CPU.ActiveCfg = Debug|Any CPU
		{2595F80F-8D98-47EB-B869-15E0476339B9}.Debug|Any CPU.Build.0 = Debug|Any CPU
		{2595F80F-8D98-47EB-B869-15E0476339B9}.Release|Any CPU.ActiveCfg = Release|Any CPU
		{2595F80F-8D98-47EB-B869-15E0476339B9}.Release|Any CPU.Build.0 = Release|Any CPU
	EndGlobalSection
	GlobalSection(SolutionProperties) = preSolution
		HideSolutionNode = FALSE
	EndGlobalSection
	GlobalSection(ExtensibilityGlobals) = postSolution
		SolutionGuid = {DD6EFDE1-945A-48AA-891C-9937F2C24C5A}
	EndGlobalSection
EndGlobal
